
Microsoft Visual Studio Solution File, Format Version 12.00
# Visual Studio Version 17
VisualStudioVersion = 17.14.36414.22
MinimumVisualStudioVersion = 10.0.40219.1
Project("{FAE04EC0-301F-11D3-BF4B-00C04F79EFBC}") = "Практическая работа 4 Козырь Бредихин", "Практическая работа 4 Козырь Бредихин\Практическая работа 4 Козырь Бредихин.csproj", "{8386D0F9-8C59-43E9-9F5C-BD289AF477DC}"
EndProject
Project("{FAE04EC0-301F-11D3-BF4B-00C04F79EFBC}") = "UnitTestProject_PR4", "UnitTestProject_PR4\UnitTestProject_PR4.csproj", "{CACAC043-D064-42A7-A5BF-3C2614D99E3D}"
EndProject
Global
	GlobalSection(SolutionConfigurationPlatforms) = preSolution
		Debug|Any CPU = Debug|Any CPU
		Release|Any CPU = Release|Any CPU
	EndGlobalSection
	GlobalSection(ProjectConfigurationPlatforms) = postSolution
		{8386D0F9-8C59-43E9-9F5C-BD289AF477DC}.Debug|Any CPU.ActiveCfg = Debug|Any CPU
		{8386D0F9-8C59-43E9-9F5C-BD289AF477DC}.Debug|Any CPU.Build.0 = Debug|Any CPU
		{8386D0F9-8C59-43E9-9F5C-BD289AF477DC}.Release|Any CPU.ActiveCfg = Release|Any CPU
		{8386D0F9-8C59-43E9-9F5C-BD289AF477DC}.Release|Any CPU.Build.0 = Release|Any CPU
		{CACAC043-D064-42A7-A5BF-3C2614D99E3D}.Debug|Any CPU.ActiveCfg = Debug|Any CPU
		{CACAC043-D064-42A7-A5BF-3C2614D99E3D}.Debug|Any CPU.Build.0 = Debug|Any CPU
		{CACAC043-D064-42A7-A5BF-3C2614D99E3D}.Release|Any CPU.ActiveCfg = Release|Any CPU
		{CACAC043-D064-42A7-A5BF-3C2614D99E3D}.Release|Any CPU.Build.0 = Release|Any CPU
	EndGlobalSection
	GlobalSection(SolutionProperties) = preSolution
		HideSolutionNode = FALSE
	EndGlobalSection
	GlobalSection(ExtensibilityGlobals) = postSolution
		SolutionGuid = {CCD54B23-C3EE-4A48-8863-2BFE301E99BD}
	EndGlobalSection
EndGlobal
